
Microsoft Visual Studio Solution File, Format Version 12.00
# Visual Studio Version 16
VisualStudioVersion = 16.0.29411.108
MinimumVisualStudioVersion = 10.0.40219.1
Project("{FAE04EC0-301F-11D3-BF4B-00C04F79EFBC}") = "DeepLearningNeuralNetwork", "DeepLearningNeuralNetwork\DeepLearningNeuralNetwork.csproj", "{6035FFCC-A4F3-44D6-BB1C-8C5D7E3AB451}"
EndProject
Project("{FAE04EC0-301F-11D3-BF4B-00C04F79EFBC}") = "Launcher", "Controller\Launcher.csproj", "{0904BADB-9B54-4D90-918C-DA03FC24ECE4}"
EndProject
Global
	GlobalSection(SolutionConfigurationPlatforms) = preSolution
		Debug|Any CPU = Debug|Any CPU
		Release|Any CPU = Release|Any CPU
	EndGlobalSection
	GlobalSection(ProjectConfigurationPlatforms) = postSolution
		{6035FFCC-A4F3-44D6-BB1C-8C5D7E3AB451}.Debug|Any CPU.ActiveCfg = Debug|Any CPU
		{6035FFCC-A4F3-44D6-BB1C-8C5D7E3AB451}.Debug|Any CPU.Build.0 = Debug|Any CPU
		{6035FFCC-A4F3-44D6-BB1C-8C5D7E3AB451}.Release|Any CPU.ActiveCfg = Release|Any CPU
		{6035FFCC-A4F3-44D6-BB1C-8C5D7E3AB451}.Release|Any CPU.Build.0 = Release|Any CPU
		{0904BADB-9B54-4D90-918C-DA03FC24ECE4}.Debug|Any CPU.ActiveCfg = Debug|Any CPU
		{0904BADB-9B54-4D90-918C-DA03FC24ECE4}.Debug|Any CPU.Build.0 = Debug|Any CPU
		{0904BADB-9B54-4D90-918C-DA03FC24ECE4}.Release|Any CPU.ActiveCfg = Release|Any CPU
		{0904BADB-9B54-4D90-918C-DA03FC24ECE4}.Release|Any CPU.Build.0 = Release|Any CPU
	EndGlobalSection
	GlobalSection(SolutionProperties) = preSolution
		HideSolutionNode = FALSE
	EndGlobalSection
	GlobalSection(ExtensibilityGlobals) = postSolution
		SolutionGuid = {EE12A364-4F5E-4C8D-AEFF-3D254F9C7070}
	EndGlobalSection
EndGlobal
